
Microsoft Visual Studio Solution File, Format Version 12.00
# Visual Studio Version 17
VisualStudioVersion = 17.5.002.0
MinimumVisualStudioVersion = 10.0.40219.1
Project("{9A19103F-16F7-4668-BE54-9A1E7A4F7556}") = "Api", "Api.csproj", "{1F280542-9B9F-4EBD-B8CF-B32B20FD6943}"
EndProject
Global
	GlobalSection(SolutionConfigurationPlatforms) = preSolution
		Debug|Any CPU = Debug|Any CPU
		Release|Any CPU = Release|Any CPU
	EndGlobalSection
	GlobalSection(ProjectConfigurationPlatforms) = postSolution
		{1F280542-9B9F-4EBD-B8CF-B32B20FD6943}.Debug|Any CPU.ActiveCfg = Debug|Any CPU
		{1F280542-9B9F-4EBD-B8CF-B32B20FD6943}.Debug|Any CPU.Build.0 = Debug|Any CPU
		{1F280542-9B9F-4EBD-B8CF-B32B20FD6943}.Release|Any CPU.ActiveCfg = Release|Any CPU
		{1F280542-9B9F-4EBD-B8CF-B32B20FD6943}.Release|Any CPU.Build.0 = Release|Any CPU
	EndGlobalSection
	GlobalSection(SolutionProperties) = preSolution
		HideSolutionNode = FALSE
	EndGlobalSection
	GlobalSection(ExtensibilityGlobals) = postSolution
		SolutionGuid = {BEB950C8-B854-4A1B-8CA4-6A1C1A7A1F57}
	EndGlobalSection
EndGlobal
